
Microsoft Visual Studio Solution File, Format Version 12.00
# Visual Studio Version 17
VisualStudioVersion = 17.6.33829.357
MinimumVisualStudioVersion = 10.0.40219.1
Project("{FAE04EC0-301F-11D3-BF4B-00C04F79EFBC}") = "SinemaBufeProjesi", "SinemaBufeProjesi.csproj", "{CF12EE88-F211-4F01-A8C4-1E6A2E3A817C}"
EndProject
Global
	GlobalSection(SolutionConfigurationPlatforms) = preSolution
		Debug|Any CPU = Debug|Any CPU
		Release|Any CPU = Release|Any CPU
	EndGlobalSection
	GlobalSection(ProjectConfigurationPlatforms) = postSolution
		{CF12EE88-F211-4F01-A8C4-1E6A2E3A817C}.Debug|Any CPU.ActiveCfg = Debug|Any CPU
		{CF12EE88-F211-4F01-A8C4-1E6A2E3A817C}.Debug|Any CPU.Build.0 = Debug|Any CPU
		{CF12EE88-F211-4F01-A8C4-1E6A2E3A817C}.Release|Any CPU.ActiveCfg = Release|Any CPU
		{CF12EE88-F211-4F01-A8C4-1E6A2E3A817C}.Release|Any CPU.Build.0 = Release|Any CPU
	EndGlobalSection
	GlobalSection(SolutionProperties) = preSolution
		HideSolutionNode = FALSE
	EndGlobalSection
	GlobalSection(ExtensibilityGlobals) = postSolution
		SolutionGuid = {EBFCCCEB-5F9B-4437-8537-BBCFA548334F}
	EndGlobalSection
EndGlobal
